
Microsoft Visual Studio Solution File, Format Version 12.00
# Visual Studio Version 17
VisualStudioVersion = 17.11.35327.3
MinimumVisualStudioVersion = 10.0.40219.1
Project("{FAE04EC0-301F-11D3-BF4B-00C04F79EFBC}") = "DiarioObras", "DiarioObras\DiarioObras.csproj", "{7F5DA0ED-3C64-4FF4-A8DA-5AA98B321ED8}"
EndProject
Global
	GlobalSection(SolutionConfigurationPlatforms) = preSolution
		Debug|Any CPU = Debug|Any CPU
		Release|Any CPU = Release|Any CPU
	EndGlobalSection
	GlobalSection(ProjectConfigurationPlatforms) = postSolution
		{7F5DA0ED-3C64-4FF4-A8DA-5AA98B321ED8}.Debug|Any CPU.ActiveCfg = Debug|Any CPU
		{7F5DA0ED-3C64-4FF4-A8DA-5AA98B321ED8}.Debug|Any CPU.Build.0 = Debug|Any CPU
		{7F5DA0ED-3C64-4FF4-A8DA-5AA98B321ED8}.Release|Any CPU.ActiveCfg = Release|Any CPU
		{7F5DA0ED-3C64-4FF4-A8DA-5AA98B321ED8}.Release|Any CPU.Build.0 = Release|Any CPU
	EndGlobalSection
	GlobalSection(SolutionProperties) = preSolution
		HideSolutionNode = FALSE
	EndGlobalSection
	GlobalSection(ExtensibilityGlobals) = postSolution
		SolutionGuid = {69B2FF8E-6123-4E10-87C5-BB85A336629E}
	EndGlobalSection
EndGlobal
